// !$*UTF8*$!
{
	archiveVersion = 1;
	classes = {
	};
	objectVersion = 46;
	objects = {

/* Begin PBXBuildFile section */
		931A81C71C2F66CE00224560 /* TimeSlotsViewController.swift in Sources */ = {isa = PBXBuildFile; fileRef = 931A81C61C2F66CE00224560 /* TimeSlotsViewController.swift */; };
		931A81C91C2F67AA00224560 /* TimeSlotTableViewCell.swift in Sources */ = {isa = PBXBuildFile; fileRef = 931A81C81C2F67AA00224560 /* TimeSlotTableViewCell.swift */; };
		931A81CB1C2F691E00224560 /* AvailableContestsViewController.swift in Sources */ = {isa = PBXBuildFile; fileRef = 931A81CA1C2F691E00224560 /* AvailableContestsViewController.swift */; };
		931A81CD1C2F6AD900224560 /* AvailableContestTableViewCell.swift in Sources */ = {isa = PBXBuildFile; fileRef = 931A81CC1C2F6AD900224560 /* AvailableContestTableViewCell.swift */; };
		934F05971C2D3C860093C4A9 /* LobbyTableViewCell.swift in Sources */ = {isa = PBXBuildFile; fileRef = 934F05961C2D3C860093C4A9 /* LobbyTableViewCell.swift */; };
		935572651C37AF1100E09E0D /* SelectLineupViewController.swift in Sources */ = {isa = PBXBuildFile; fileRef = 935572641C37AF1100E09E0D /* SelectLineupViewController.swift */; };
		936C08751C14FB990068E9B3 /* LobbyViewController.swift in Sources */ = {isa = PBXBuildFile; fileRef = 936C08741C14FB990068E9B3 /* LobbyViewController.swift */; };
		936C08771C14FE270068E9B3 /* MyContestsViewController.swift in Sources */ = {isa = PBXBuildFile; fileRef = 936C08761C14FE270068E9B3 /* MyContestsViewController.swift */; };
		936C08791C14FE910068E9B3 /* SettingsMenuViewController.swift in Sources */ = {isa = PBXBuildFile; fileRef = 936C08781C14FE910068E9B3 /* SettingsMenuViewController.swift */; };
		936DDDA31C1D46BA0059B215 /* MyContestsTableViewCell.swift in Sources */ = {isa = PBXBuildFile; fileRef = 936DDDA21C1D46BA0059B215 /* MyContestsTableViewCell.swift */; };
		936DDDA51C1D4BD10059B215 /* GameKind.swift in Sources */ = {isa = PBXBuildFile; fileRef = 936DDDA41C1D4BD10059B215 /* GameKind.swift */; };
		936DDDA71C1D4BDF0059B215 /* ContestKind.swift in Sources */ = {isa = PBXBuildFile; fileRef = 936DDDA61C1D4BDF0059B215 /* ContestKind.swift */; };
		93754EF51C140DC800D45176 /* Keys.plist in Resources */ = {isa = PBXBuildFile; fileRef = 93754EF41C140DC800D45176 /* Keys.plist */; };
		93754EF81C14109400D45176 /* Bolts.framework in Frameworks */ = {isa = PBXBuildFile; fileRef = 93754EF61C14109400D45176 /* Bolts.framework */; };
		93754EF91C14109400D45176 /* Parse.framework in Frameworks */ = {isa = PBXBuildFile; fileRef = 93754EF71C14109400D45176 /* Parse.framework */; };
		93754EFB1C1410C400D45176 /* AudioToolbox.framework in Frameworks */ = {isa = PBXBuildFile; fileRef = 93754EFA1C1410C400D45176 /* AudioToolbox.framework */; };
		93754EFD1C1410CD00D45176 /* CFNetwork.framework in Frameworks */ = {isa = PBXBuildFile; fileRef = 93754EFC1C1410CD00D45176 /* CFNetwork.framework */; };
		93754EFF1C1410D500D45176 /* CoreGraphics.framework in Frameworks */ = {isa = PBXBuildFile; fileRef = 93754EFE1C1410D500D45176 /* CoreGraphics.framework */; };
		93754F011C1410DD00D45176 /* CoreLocation.framework in Frameworks */ = {isa = PBXBuildFile; fileRef = 93754F001C1410DD00D45176 /* CoreLocation.framework */; };
		93754F031C1410E400D45176 /* QuartzCore.framework in Frameworks */ = {isa = PBXBuildFile; fileRef = 93754F021C1410E400D45176 /* QuartzCore.framework */; };
		93754F051C1410EC00D45176 /* Security.framework in Frameworks */ = {isa = PBXBuildFile; fileRef = 93754F041C1410EC00D45176 /* Security.framework */; };
		93754F071C1410F100D45176 /* StoreKit.framework in Frameworks */ = {isa = PBXBuildFile; fileRef = 93754F061C1410F100D45176 /* StoreKit.framework */; };
		93754F091C1410FA00D45176 /* SystemConfiguration.framework in Frameworks */ = {isa = PBXBuildFile; fileRef = 93754F081C1410FA00D45176 /* SystemConfiguration.framework */; };
		93754F0B1C14110200D45176 /* libz.tbd in Frameworks */ = {isa = PBXBuildFile; fileRef = 93754F0A1C14110200D45176 /* libz.tbd */; };
		93754F0D1C14110900D45176 /* libsqlite3.tbd in Frameworks */ = {isa = PBXBuildFile; fileRef = 93754F0C1C14110900D45176 /* libsqlite3.tbd */; };
		937E4F561C141DBF0008374A /* User.swift in Sources */ = {isa = PBXBuildFile; fileRef = 937E4F551C141DBF0008374A /* User.swift */; };
		93835F1B1C018A7B00A71A08 /* Extensions.swift in Sources */ = {isa = PBXBuildFile; fileRef = 93835F1A1C018A7B00A71A08 /* Extensions.swift */; };
		939DA7D01C2F780800C070BB /* TimeSlot.swift in Sources */ = {isa = PBXBuildFile; fileRef = 939DA7CF1C2F780800C070BB /* TimeSlot.swift */; };
		93A9FA331C0115F6008AD171 /* AppDelegate.swift in Sources */ = {isa = PBXBuildFile; fileRef = 93A9FA321C0115F6008AD171 /* AppDelegate.swift */; };
		93A9FA351C0115F6008AD171 /* SignUpViewController.swift in Sources */ = {isa = PBXBuildFile; fileRef = 93A9FA341C0115F6008AD171 /* SignUpViewController.swift */; };
		93A9FA381C0115F6008AD171 /* Main.storyboard in Resources */ = {isa = PBXBuildFile; fileRef = 93A9FA361C0115F6008AD171 /* Main.storyboard */; };
		93A9FA3A1C0115F6008AD171 /* Assets.xcassets in Resources */ = {isa = PBXBuildFile; fileRef = 93A9FA391C0115F6008AD171 /* Assets.xcassets */; };
		93A9FA3D1C0115F6008AD171 /* LaunchScreen.storyboard in Resources */ = {isa = PBXBuildFile; fileRef = 93A9FA3B1C0115F6008AD171 /* LaunchScreen.storyboard */; };
		93A9FA481C0115F7008AD171 /* FantalyticsTests.swift in Sources */ = {isa = PBXBuildFile; fileRef = 93A9FA471C0115F7008AD171 /* FantalyticsTests.swift */; };
		93A9FA611C011992008AD171 /* Alamofire.framework in Frameworks */ = {isa = PBXBuildFile; fileRef = 93A9FA601C011992008AD171 /* Alamofire.framework */; };
		93A9FA631C011B65008AD171 /* Alamofire.framework in Frameworks */ = {isa = PBXBuildFile; fileRef = 93A9FA601C011992008AD171 /* Alamofire.framework */; };
		93A9FA641C011B65008AD171 /* Alamofire.framework in Embed Frameworks */ = {isa = PBXBuildFile; fileRef = 93A9FA601C011992008AD171 /* Alamofire.framework */; settings = {ATTRIBUTES = (CodeSignOnCopy, RemoveHeadersOnCopy, ); }; };
		93A9FA671C013CC3008AD171 /* SwiftyJSON.framework in Frameworks */ = {isa = PBXBuildFile; fileRef = 93A9FA661C013CC3008AD171 /* SwiftyJSON.framework */; };
		93A9FA681C013CCE008AD171 /* SwiftyJSON.framework in Frameworks */ = {isa = PBXBuildFile; fileRef = 93A9FA661C013CC3008AD171 /* SwiftyJSON.framework */; };
		93A9FA691C013CCE008AD171 /* SwiftyJSON.framework in Embed Frameworks */ = {isa = PBXBuildFile; fileRef = 93A9FA661C013CC3008AD171 /* SwiftyJSON.framework */; settings = {ATTRIBUTES = (CodeSignOnCopy, RemoveHeadersOnCopy, ); }; };
		93A9FA6D1C014A1C008AD171 /* ProBballManager.swift in Sources */ = {isa = PBXBuildFile; fileRef = 93A9FA6C1C014A1C008AD171 /* ProBballManager.swift */; };
		93A9FA701C014BC7008AD171 /* Constants.swift in Sources */ = {isa = PBXBuildFile; fileRef = 93A9FA6F1C014BC7008AD171 /* Constants.swift */; };
		93BFA2D51C351E16002BC3A5 /* ProBballManager.swift in Sources */ = {isa = PBXBuildFile; fileRef = 93A9FA6C1C014A1C008AD171 /* ProBballManager.swift */; };
		93BFA2D61C351E7F002BC3A5 /* Eureka.framework in Frameworks */ = {isa = PBXBuildFile; fileRef = 93C6E9241C1BD5A800959D61 /* Eureka.framework */; };
		93BFA2D71C351E7F002BC3A5 /* SystemConfiguration.framework in Frameworks */ = {isa = PBXBuildFile; fileRef = 93754F081C1410FA00D45176 /* SystemConfiguration.framework */; };
		93BFA2D81C351E7F002BC3A5 /* StoreKit.framework in Frameworks */ = {isa = PBXBuildFile; fileRef = 93754F061C1410F100D45176 /* StoreKit.framework */; };
		93BFA2D91C351E7F002BC3A5 /* Security.framework in Frameworks */ = {isa = PBXBuildFile; fileRef = 93754F041C1410EC00D45176 /* Security.framework */; };
		93BFA2DA1C351E7F002BC3A5 /* QuartzCore.framework in Frameworks */ = {isa = PBXBuildFile; fileRef = 93754F021C1410E400D45176 /* QuartzCore.framework */; };
		93BFA2DB1C351E7F002BC3A5 /* CoreLocation.framework in Frameworks */ = {isa = PBXBuildFile; fileRef = 93754F001C1410DD00D45176 /* CoreLocation.framework */; };
		93BFA2DC1C351E7F002BC3A5 /* CoreGraphics.framework in Frameworks */ = {isa = PBXBuildFile; fileRef = 93754EFE1C1410D500D45176 /* CoreGraphics.framework */; };
		93BFA2DD1C351E7F002BC3A5 /* CFNetwork.framework in Frameworks */ = {isa = PBXBuildFile; fileRef = 93754EFC1C1410CD00D45176 /* CFNetwork.framework */; };
		93BFA2DE1C351E7F002BC3A5 /* AudioToolbox.framework in Frameworks */ = {isa = PBXBuildFile; fileRef = 93754EFA1C1410C400D45176 /* AudioToolbox.framework */; };
		93BFA2DF1C351E7F002BC3A5 /* Bolts.framework in Frameworks */ = {isa = PBXBuildFile; fileRef = 93754EF61C14109400D45176 /* Bolts.framework */; };
		93BFA2E01C351E7F002BC3A5 /* Parse.framework in Frameworks */ = {isa = PBXBuildFile; fileRef = 93754EF71C14109400D45176 /* Parse.framework */; };
		93BFA2E11C351E7F002BC3A5 /* SwiftyJSON.framework in Frameworks */ = {isa = PBXBuildFile; fileRef = 93A9FA661C013CC3008AD171 /* SwiftyJSON.framework */; };
		93BFA2E21C351E7F002BC3A5 /* Alamofire.framework in Frameworks */ = {isa = PBXBuildFile; fileRef = 93A9FA601C011992008AD171 /* Alamofire.framework */; };
		93BFA2E31C351E84002BC3A5 /* libsqlite3.tbd in Frameworks */ = {isa = PBXBuildFile; fileRef = 93754F0C1C14110900D45176 /* libsqlite3.tbd */; };
		93BFA2E41C351E84002BC3A5 /* libz.tbd in Frameworks */ = {isa = PBXBuildFile; fileRef = 93754F0A1C14110200D45176 /* libz.tbd */; };
		93BFA2E51C351ECC002BC3A5 /* Constants.swift in Sources */ = {isa = PBXBuildFile; fileRef = 93A9FA6F1C014BC7008AD171 /* Constants.swift */; };
		93BFA2E61C351EE9002BC3A5 /* Extensions.swift in Sources */ = {isa = PBXBuildFile; fileRef = 93835F1A1C018A7B00A71A08 /* Extensions.swift */; };
		93C6E9251C1BD5A800959D61 /* Eureka.framework in Frameworks */ = {isa = PBXBuildFile; fileRef = 93C6E9241C1BD5A800959D61 /* Eureka.framework */; };
		93C6E9261C1BD5CE00959D61 /* Eureka.framework in Embed Frameworks */ = {isa = PBXBuildFile; fileRef = 93C6E9241C1BD5A800959D61 /* Eureka.framework */; settings = {ATTRIBUTES = (CodeSignOnCopy, RemoveHeadersOnCopy, ); }; };
		93CEC8A11C20E0340052A649 /* HeadToHeadMatchViewController.swift in Sources */ = {isa = PBXBuildFile; fileRef = 93CEC8A01C20E0340052A649 /* HeadToHeadMatchViewController.swift */; };
		93CEC8A31C20E1E10052A649 /* HeadToHeadMatchTableViewCell.swift in Sources */ = {isa = PBXBuildFile; fileRef = 93CEC8A21C20E1E10052A649 /* HeadToHeadMatchTableViewCell.swift */; };
		93D831D91C1570FB0027070C /* Contest.swift in Sources */ = {isa = PBXBuildFile; fileRef = 93D831D81C1570FB0027070C /* Contest.swift */; };
		93D831DB1C1571090027070C /* Entry.swift in Sources */ = {isa = PBXBuildFile; fileRef = 93D831DA1C1571090027070C /* Entry.swift */; };
		93D831DD1C1571150027070C /* Lineup.swift in Sources */ = {isa = PBXBuildFile; fileRef = 93D831DC1C1571150027070C /* Lineup.swift */; };
		93D831DF1C1571200027070C /* Player.swift in Sources */ = {isa = PBXBuildFile; fileRef = 93D831DE1C1571200027070C /* Player.swift */; };
		93E62FF81C3752370094CA79 /* CreateContestViewController.swift in Sources */ = {isa = PBXBuildFile; fileRef = 93E62FF71C3752370094CA79 /* CreateContestViewController.swift */; };
		93F060751C3228C500F39BCD /* Game.swift in Sources */ = {isa = PBXBuildFile; fileRef = 93F060741C3228C500F39BCD /* Game.swift */; };
		93F060771C3228E600F39BCD /* Team.swift in Sources */ = {isa = PBXBuildFile; fileRef = 93F060761C3228E600F39BCD /* Team.swift */; };
/* End PBXBuildFile section */

/* Begin PBXContainerItemProxy section */
		93A9FA441C0115F7008AD171 /* PBXContainerItemProxy */ = {
			isa = PBXContainerItemProxy;
			containerPortal = 93A9FA271C0115F6008AD171 /* Project object */;
			proxyType = 1;
			remoteGlobalIDString = 93A9FA2E1C0115F6008AD171;
			remoteInfo = Fantalytics;
		};
		93A9FA4F1C0115F7008AD171 /* PBXContainerItemProxy */ = {
			isa = PBXContainerItemProxy;
			containerPortal = 93A9FA271C0115F6008AD171 /* Project object */;
			proxyType = 1;
			remoteGlobalIDString = 93A9FA2E1C0115F6008AD171;
			remoteInfo = Fantalytics;
		};
/* End PBXContainerItemProxy section */

/* Begin PBXCopyFilesBuildPhase section */
		93A9FA651C011B65008AD171 /* Embed Frameworks */ = {
			isa = PBXCopyFilesBuildPhase;
			buildActionMask = 2147483647;
			dstPath = "";
			dstSubfolderSpec = 10;
			files = (
				93C6E9261C1BD5CE00959D61 /* Eureka.framework in Embed Frameworks */,
				93A9FA691C013CCE008AD171 /* SwiftyJSON.framework in Embed Frameworks */,
				93A9FA641C011B65008AD171 /* Alamofire.framework in Embed Frameworks */,
			);
			name = "Embed Frameworks";
			runOnlyForDeploymentPostprocessing = 0;
		};
/* End PBXCopyFilesBuildPhase section */

/* Begin PBXFileReference section */
		931A81C61C2F66CE00224560 /* TimeSlotsViewController.swift */ = {isa = PBXFileReference; fileEncoding = 4; lastKnownFileType = sourcecode.swift; path = TimeSlotsViewController.swift; sourceTree = "<group>"; };
		931A81C81C2F67AA00224560 /* TimeSlotTableViewCell.swift */ = {isa = PBXFileReference; fileEncoding = 4; lastKnownFileType = sourcecode.swift; path = TimeSlotTableViewCell.swift; sourceTree = "<group>"; };
		931A81CA1C2F691E00224560 /* AvailableContestsViewController.swift */ = {isa = PBXFileReference; fileEncoding = 4; lastKnownFileType = sourcecode.swift; path = AvailableContestsViewController.swift; sourceTree = "<group>"; };
		931A81CC1C2F6AD900224560 /* AvailableContestTableViewCell.swift */ = {isa = PBXFileReference; fileEncoding = 4; lastKnownFileType = sourcecode.swift; path = AvailableContestTableViewCell.swift; sourceTree = "<group>"; };
		934F05961C2D3C860093C4A9 /* LobbyTableViewCell.swift */ = {isa = PBXFileReference; fileEncoding = 4; lastKnownFileType = sourcecode.swift; path = LobbyTableViewCell.swift; sourceTree = "<group>"; };
		935572641C37AF1100E09E0D /* SelectLineupViewController.swift */ = {isa = PBXFileReference; fileEncoding = 4; lastKnownFileType = sourcecode.swift; path = SelectLineupViewController.swift; sourceTree = "<group>"; };
		936C08741C14FB990068E9B3 /* LobbyViewController.swift */ = {isa = PBXFileReference; fileEncoding = 4; lastKnownFileType = sourcecode.swift; path = LobbyViewController.swift; sourceTree = "<group>"; };
		936C08761C14FE270068E9B3 /* MyContestsViewController.swift */ = {isa = PBXFileReference; fileEncoding = 4; lastKnownFileType = sourcecode.swift; path = MyContestsViewController.swift; sourceTree = "<group>"; };
		936C08781C14FE910068E9B3 /* SettingsMenuViewController.swift */ = {isa = PBXFileReference; fileEncoding = 4; lastKnownFileType = sourcecode.swift; path = SettingsMenuViewController.swift; sourceTree = "<group>"; };
		936DDDA21C1D46BA0059B215 /* MyContestsTableViewCell.swift */ = {isa = PBXFileReference; fileEncoding = 4; lastKnownFileType = sourcecode.swift; path = MyContestsTableViewCell.swift; sourceTree = "<group>"; };
		936DDDA41C1D4BD10059B215 /* GameKind.swift */ = {isa = PBXFileReference; fileEncoding = 4; lastKnownFileType = sourcecode.swift; path = GameKind.swift; sourceTree = "<group>"; };
		936DDDA61C1D4BDF0059B215 /* ContestKind.swift */ = {isa = PBXFileReference; fileEncoding = 4; lastKnownFileType = sourcecode.swift; path = ContestKind.swift; sourceTree = "<group>"; };
		93754EF41C140DC800D45176 /* Keys.plist */ = {isa = PBXFileReference; fileEncoding = 4; lastKnownFileType = text.plist.xml; path = Keys.plist; sourceTree = "<group>"; };
		93754EF61C14109400D45176 /* Bolts.framework */ = {isa = PBXFileReference; lastKnownFileType = wrapper.framework; path = Bolts.framework; sourceTree = "<group>"; };
		93754EF71C14109400D45176 /* Parse.framework */ = {isa = PBXFileReference; lastKnownFileType = wrapper.framework; path = Parse.framework; sourceTree = "<group>"; };
		93754EFA1C1410C400D45176 /* AudioToolbox.framework */ = {isa = PBXFileReference; lastKnownFileType = wrapper.framework; name = AudioToolbox.framework; path = System/Library/Frameworks/AudioToolbox.framework; sourceTree = SDKROOT; };
		93754EFC1C1410CD00D45176 /* CFNetwork.framework */ = {isa = PBXFileReference; lastKnownFileType = wrapper.framework; name = CFNetwork.framework; path = System/Library/Frameworks/CFNetwork.framework; sourceTree = SDKROOT; };
		93754EFE1C1410D500D45176 /* CoreGraphics.framework */ = {isa = PBXFileReference; lastKnownFileType = wrapper.framework; name = CoreGraphics.framework; path = System/Library/Frameworks/CoreGraphics.framework; sourceTree = SDKROOT; };
		93754F001C1410DD00D45176 /* CoreLocation.framework */ = {isa = PBXFileReference; lastKnownFileType = wrapper.framework; name = CoreLocation.framework; path = System/Library/Frameworks/CoreLocation.framework; sourceTree = SDKROOT; };
		93754F021C1410E400D45176 /* QuartzCore.framework */ = {isa = PBXFileReference; lastKnownFileType = wrapper.framework; name = QuartzCore.framework; path = System/Library/Frameworks/QuartzCore.framework; sourceTree = SDKROOT; };
		93754F041C1410EC00D45176 /* Security.framework */ = {isa = PBXFileReference; lastKnownFileType = wrapper.framework; name = Security.framework; path = System/Library/Frameworks/Security.framework; sourceTree = SDKROOT; };
		93754F061C1410F100D45176 /* StoreKit.framework */ = {isa = PBXFileReference; lastKnownFileType = wrapper.framework; name = StoreKit.framework; path = System/Library/Frameworks/StoreKit.framework; sourceTree = SDKROOT; };
		93754F081C1410FA00D45176 /* SystemConfiguration.framework */ = {isa = PBXFileReference; lastKnownFileType = wrapper.framework; name = SystemConfiguration.framework; path = System/Library/Frameworks/SystemConfiguration.framework; sourceTree = SDKROOT; };
		93754F0A1C14110200D45176 /* libz.tbd */ = {isa = PBXFileReference; lastKnownFileType = "sourcecode.text-based-dylib-definition"; name = libz.tbd; path = usr/lib/libz.tbd; sourceTree = SDKROOT; };
		93754F0C1C14110900D45176 /* libsqlite3.tbd */ = {isa = PBXFileReference; lastKnownFileType = "sourcecode.text-based-dylib-definition"; name = libsqlite3.tbd; path = usr/lib/libsqlite3.tbd; sourceTree = SDKROOT; };
		937E4F551C141DBF0008374A /* User.swift */ = {isa = PBXFileReference; fileEncoding = 4; lastKnownFileType = sourcecode.swift; path = User.swift; sourceTree = "<group>"; };
		93835F1A1C018A7B00A71A08 /* Extensions.swift */ = {isa = PBXFileReference; fileEncoding = 4; lastKnownFileType = sourcecode.swift; path = Extensions.swift; sourceTree = "<group>"; };
		939DA7CF1C2F780800C070BB /* TimeSlot.swift */ = {isa = PBXFileReference; fileEncoding = 4; lastKnownFileType = sourcecode.swift; path = TimeSlot.swift; sourceTree = "<group>"; };
		93A9FA2F1C0115F6008AD171 /* Fantalytics.app */ = {isa = PBXFileReference; explicitFileType = wrapper.application; includeInIndex = 0; path = Fantalytics.app; sourceTree = BUILT_PRODUCTS_DIR; };
		93A9FA321C0115F6008AD171 /* AppDelegate.swift */ = {isa = PBXFileReference; lastKnownFileType = sourcecode.swift; path = AppDelegate.swift; sourceTree = "<group>"; };
		93A9FA341C0115F6008AD171 /* SignUpViewController.swift */ = {isa = PBXFileReference; lastKnownFileType = sourcecode.swift; path = SignUpViewController.swift; sourceTree = "<group>"; };
		93A9FA371C0115F6008AD171 /* Base */ = {isa = PBXFileReference; lastKnownFileType = file.storyboard; name = Base; path = Base.lproj/Main.storyboard; sourceTree = "<group>"; };
		93A9FA391C0115F6008AD171 /* Assets.xcassets */ = {isa = PBXFileReference; lastKnownFileType = folder.assetcatalog; path = Assets.xcassets; sourceTree = "<group>"; };
		93A9FA3C1C0115F6008AD171 /* Base */ = {isa = PBXFileReference; lastKnownFileType = file.storyboard; name = Base; path = Base.lproj/LaunchScreen.storyboard; sourceTree = "<group>"; };
		93A9FA3E1C0115F6008AD171 /* Info.plist */ = {isa = PBXFileReference; lastKnownFileType = text.plist.xml; path = Info.plist; sourceTree = "<group>"; };
		93A9FA431C0115F7008AD171 /* FantalyticsTests.xctest */ = {isa = PBXFileReference; explicitFileType = wrapper.cfbundle; includeInIndex = 0; path = FantalyticsTests.xctest; sourceTree = BUILT_PRODUCTS_DIR; };
		93A9FA471C0115F7008AD171 /* FantalyticsTests.swift */ = {isa = PBXFileReference; lastKnownFileType = sourcecode.swift; path = FantalyticsTests.swift; sourceTree = "<group>"; };
		93A9FA491C0115F7008AD171 /* Info.plist */ = {isa = PBXFileReference; lastKnownFileType = text.plist.xml; path = Info.plist; sourceTree = "<group>"; };
		93A9FA4E1C0115F7008AD171 /* FantalyticsUITests.xctest */ = {isa = PBXFileReference; explicitFileType = wrapper.cfbundle; includeInIndex = 0; path = FantalyticsUITests.xctest; sourceTree = BUILT_PRODUCTS_DIR; };
		93A9FA601C011992008AD171 /* Alamofire.framework */ = {isa = PBXFileReference; lastKnownFileType = wrapper.framework; name = Alamofire.framework; path = Carthage/Build/iOS/Alamofire.framework; sourceTree = "<group>"; };
		93A9FA661C013CC3008AD171 /* SwiftyJSON.framework */ = {isa = PBXFileReference; lastKnownFileType = wrapper.framework; name = SwiftyJSON.framework; path = Carthage/Build/iOS/SwiftyJSON.framework; sourceTree = "<group>"; };
		93A9FA6C1C014A1C008AD171 /* ProBballManager.swift */ = {isa = PBXFileReference; fileEncoding = 4; lastKnownFileType = sourcecode.swift; path = ProBballManager.swift; sourceTree = "<group>"; };
		93A9FA6F1C014BC7008AD171 /* Constants.swift */ = {isa = PBXFileReference; fileEncoding = 4; lastKnownFileType = sourcecode.swift; path = Constants.swift; sourceTree = "<group>"; };
		93C6E9241C1BD5A800959D61 /* Eureka.framework */ = {isa = PBXFileReference; lastKnownFileType = wrapper.framework; name = Eureka.framework; path = Carthage/Build/iOS/Eureka.framework; sourceTree = "<group>"; };
		93CEC8A01C20E0340052A649 /* HeadToHeadMatchViewController.swift */ = {isa = PBXFileReference; fileEncoding = 4; lastKnownFileType = sourcecode.swift; path = HeadToHeadMatchViewController.swift; sourceTree = "<group>"; };
		93CEC8A21C20E1E10052A649 /* HeadToHeadMatchTableViewCell.swift */ = {isa = PBXFileReference; fileEncoding = 4; lastKnownFileType = sourcecode.swift; path = HeadToHeadMatchTableViewCell.swift; sourceTree = "<group>"; };
		93D831D81C1570FB0027070C /* Contest.swift */ = {isa = PBXFileReference; fileEncoding = 4; lastKnownFileType = sourcecode.swift; path = Contest.swift; sourceTree = "<group>"; };
		93D831DA1C1571090027070C /* Entry.swift */ = {isa = PBXFileReference; fileEncoding = 4; lastKnownFileType = sourcecode.swift; path = Entry.swift; sourceTree = "<group>"; };
		93D831DC1C1571150027070C /* Lineup.swift */ = {isa = PBXFileReference; fileEncoding = 4; lastKnownFileType = sourcecode.swift; path = Lineup.swift; sourceTree = "<group>"; };
		93D831DE1C1571200027070C /* Player.swift */ = {isa = PBXFileReference; fileEncoding = 4; lastKnownFileType = sourcecode.swift; path = Player.swift; sourceTree = "<group>"; };
		93E62FF71C3752370094CA79 /* CreateContestViewController.swift */ = {isa = PBXFileReference; fileEncoding = 4; lastKnownFileType = sourcecode.swift; path = CreateContestViewController.swift; sourceTree = "<group>"; };
		93F060741C3228C500F39BCD /* Game.swift */ = {isa = PBXFileReference; fileEncoding = 4; lastKnownFileType = sourcecode.swift; path = Game.swift; sourceTree = "<group>"; };
		93F060761C3228E600F39BCD /* Team.swift */ = {isa = PBXFileReference; fileEncoding = 4; lastKnownFileType = sourcecode.swift; path = Team.swift; sourceTree = "<group>"; };
/* End PBXFileReference section */

/* Begin PBXFrameworksBuildPhase section */
		93A9FA2C1C0115F6008AD171 /* Frameworks */ = {
			isa = PBXFrameworksBuildPhase;
			buildActionMask = 2147483647;
			files = (
				93754F0D1C14110900D45176 /* libsqlite3.tbd in Frameworks */,
				93754F0B1C14110200D45176 /* libz.tbd in Frameworks */,
				93754F091C1410FA00D45176 /* SystemConfiguration.framework in Frameworks */,
				93C6E9251C1BD5A800959D61 /* Eureka.framework in Frameworks */,
				93754F071C1410F100D45176 /* StoreKit.framework in Frameworks */,
				93754F051C1410EC00D45176 /* Security.framework in Frameworks */,
				93754F031C1410E400D45176 /* QuartzCore.framework in Frameworks */,
				93754F011C1410DD00D45176 /* CoreLocation.framework in Frameworks */,
				93754EFF1C1410D500D45176 /* CoreGraphics.framework in Frameworks */,
				93754EFD1C1410CD00D45176 /* CFNetwork.framework in Frameworks */,
				93754EFB1C1410C400D45176 /* AudioToolbox.framework in Frameworks */,
				93754EF81C14109400D45176 /* Bolts.framework in Frameworks */,
				93A9FA681C013CCE008AD171 /* SwiftyJSON.framework in Frameworks */,
				93A9FA611C011992008AD171 /* Alamofire.framework in Frameworks */,
				93A9FA631C011B65008AD171 /* Alamofire.framework in Frameworks */,
				93754EF91C14109400D45176 /* Parse.framework in Frameworks */,
				93A9FA671C013CC3008AD171 /* SwiftyJSON.framework in Frameworks */,
			);
			runOnlyForDeploymentPostprocessing = 0;
		};
		93A9FA401C0115F7008AD171 /* Frameworks */ = {
			isa = PBXFrameworksBuildPhase;
			buildActionMask = 2147483647;
			files = (
				93BFA2DB1C351E7F002BC3A5 /* CoreLocation.framework in Frameworks */,
				93BFA2DA1C351E7F002BC3A5 /* QuartzCore.framework in Frameworks */,
				93BFA2E31C351E84002BC3A5 /* libsqlite3.tbd in Frameworks */,
				93BFA2E21C351E7F002BC3A5 /* Alamofire.framework in Frameworks */,
				93BFA2E41C351E84002BC3A5 /* libz.tbd in Frameworks */,
				93BFA2DD1C351E7F002BC3A5 /* CFNetwork.framework in Frameworks */,
				93BFA2D81C351E7F002BC3A5 /* StoreKit.framework in Frameworks */,
				93BFA2DC1C351E7F002BC3A5 /* CoreGraphics.framework in Frameworks */,
				93BFA2DF1C351E7F002BC3A5 /* Bolts.framework in Frameworks */,
				93BFA2E01C351E7F002BC3A5 /* Parse.framework in Frameworks */,
				93BFA2DE1C351E7F002BC3A5 /* AudioToolbox.framework in Frameworks */,
				93BFA2E11C351E7F002BC3A5 /* SwiftyJSON.framework in Frameworks */,
				93BFA2D71C351E7F002BC3A5 /* SystemConfiguration.framework in Frameworks */,
				93BFA2D91C351E7F002BC3A5 /* Security.framework in Frameworks */,
				93BFA2D61C351E7F002BC3A5 /* Eureka.framework in Frameworks */,
			);
			runOnlyForDeploymentPostprocessing = 0;
		};
		93A9FA4B1C0115F7008AD171 /* Frameworks */ = {
			isa = PBXFrameworksBuildPhase;
			buildActionMask = 2147483647;
			files = (
			);
			runOnlyForDeploymentPostprocessing = 0;
		};
/* End PBXFrameworksBuildPhase section */

/* Begin PBXGroup section */
		936DDDA11C1D46940059B215 /* Custom Cells */ = {
			isa = PBXGroup;
			children = (
				936DDDA21C1D46BA0059B215 /* MyContestsTableViewCell.swift */,
				93CEC8A21C20E1E10052A649 /* HeadToHeadMatchTableViewCell.swift */,
				934F05961C2D3C860093C4A9 /* LobbyTableViewCell.swift */,
				931A81C81C2F67AA00224560 /* TimeSlotTableViewCell.swift */,
				931A81CC1C2F6AD900224560 /* AvailableContestTableViewCell.swift */,
			);
			name = "Custom Cells";
			sourceTree = "<group>";
		};
		93A9FA261C0115F6008AD171 = {
			isa = PBXGroup;
			children = (
				93A9FA311C0115F6008AD171 /* Fantalytics */,
				93A9FA711C014BF1008AD171 /* Frameworks */,
				93A9FA461C0115F7008AD171 /* FantalyticsTests */,
				93A9FA301C0115F6008AD171 /* Products */,
			);
			sourceTree = "<group>";
		};
		93A9FA301C0115F6008AD171 /* Products */ = {
			isa = PBXGroup;
			children = (
				93A9FA2F1C0115F6008AD171 /* Fantalytics.app */,
				93A9FA431C0115F7008AD171 /* FantalyticsTests.xctest */,
				93A9FA4E1C0115F7008AD171 /* FantalyticsUITests.xctest */,
			);
			name = Products;
			sourceTree = "<group>";
		};
		93A9FA311C0115F6008AD171 /* Fantalytics */ = {
			isa = PBXGroup;
			children = (
				93A9FA6E1C014BB7008AD171 /* Utilities */,
				93A9FA361C0115F6008AD171 /* Main.storyboard */,
				93A9FA321C0115F6008AD171 /* AppDelegate.swift */,
				93A9FA6A1C0149D4008AD171 /* Model */,
				93A9FA721C014EEF008AD171 /* Controllers */,
				936DDDA11C1D46940059B215 /* Custom Cells */,
				93A9FA391C0115F6008AD171 /* Assets.xcassets */,
				93A9FA3B1C0115F6008AD171 /* LaunchScreen.storyboard */,
				93A9FA3E1C0115F6008AD171 /* Info.plist */,
			);
			path = Fantalytics;
			sourceTree = "<group>";
		};
		93A9FA461C0115F7008AD171 /* FantalyticsTests */ = {
			isa = PBXGroup;
			children = (
				93A9FA471C0115F7008AD171 /* FantalyticsTests.swift */,
				93A9FA491C0115F7008AD171 /* Info.plist */,
			);
			path = FantalyticsTests;
			sourceTree = "<group>";
		};
		93A9FA6A1C0149D4008AD171 /* Model */ = {
			isa = PBXGroup;
			children = (
				937E4F551C141DBF0008374A /* User.swift */,
				93D831D81C1570FB0027070C /* Contest.swift */,
				936DDDA61C1D4BDF0059B215 /* ContestKind.swift */,
				936DDDA41C1D4BD10059B215 /* GameKind.swift */,
				93D831DA1C1571090027070C /* Entry.swift */,
				93D831DC1C1571150027070C /* Lineup.swift */,
				93D831DE1C1571200027070C /* Player.swift */,
				93F060741C3228C500F39BCD /* Game.swift */,
				93F060761C3228E600F39BCD /* Team.swift */,
				939DA7CF1C2F780800C070BB /* TimeSlot.swift */,
				93A9FA6B1C0149DB008AD171 /* ProBball API */,
			);
			name = Model;
			sourceTree = "<group>";
		};
		93A9FA6B1C0149DB008AD171 /* ProBball API */ = {
			isa = PBXGroup;
			children = (
				93A9FA6C1C014A1C008AD171 /* ProBballManager.swift */,
			);
			name = "ProBball API";
			sourceTree = "<group>";
		};
		93A9FA6E1C014BB7008AD171 /* Utilities */ = {
			isa = PBXGroup;
			children = (
				93A9FA6F1C014BC7008AD171 /* Constants.swift */,
				93835F1A1C018A7B00A71A08 /* Extensions.swift */,
				93754EF41C140DC800D45176 /* Keys.plist */,
			);
			name = Utilities;
			sourceTree = "<group>";
		};
		93A9FA711C014BF1008AD171 /* Frameworks */ = {
			isa = PBXGroup;
			children = (
				93754F0C1C14110900D45176 /* libsqlite3.tbd */,
				93754F0A1C14110200D45176 /* libz.tbd */,
				93C6E9241C1BD5A800959D61 /* Eureka.framework */,
				93754F081C1410FA00D45176 /* SystemConfiguration.framework */,
				93754F061C1410F100D45176 /* StoreKit.framework */,
				93754F041C1410EC00D45176 /* Security.framework */,
				93754F021C1410E400D45176 /* QuartzCore.framework */,
				93754F001C1410DD00D45176 /* CoreLocation.framework */,
				93754EFE1C1410D500D45176 /* CoreGraphics.framework */,
				93754EFC1C1410CD00D45176 /* CFNetwork.framework */,
				93754EFA1C1410C400D45176 /* AudioToolbox.framework */,
				93754EF61C14109400D45176 /* Bolts.framework */,
				93754EF71C14109400D45176 /* Parse.framework */,
				93A9FA661C013CC3008AD171 /* SwiftyJSON.framework */,
				93A9FA601C011992008AD171 /* Alamofire.framework */,
			);
			name = Frameworks;
			sourceTree = "<group>";
		};
		93A9FA721C014EEF008AD171 /* Controllers */ = {
			isa = PBXGroup;
			children = (
				93A9FA341C0115F6008AD171 /* SignUpViewController.swift */,
				936C08781C14FE910068E9B3 /* SettingsMenuViewController.swift */,
				936C08761C14FE270068E9B3 /* MyContestsViewController.swift */,
				93CEC8A01C20E0340052A649 /* HeadToHeadMatchViewController.swift */,
				936C08741C14FB990068E9B3 /* LobbyViewController.swift */,
				931A81C61C2F66CE00224560 /* TimeSlotsViewController.swift */,
				931A81CA1C2F691E00224560 /* AvailableContestsViewController.swift */,
				93E62FF71C3752370094CA79 /* CreateContestViewController.swift */,
				935572641C37AF1100E09E0D /* SelectLineupViewController.swift */,
			);
			name = Controllers;
			sourceTree = "<group>";
		};
/* End PBXGroup section */

/* Begin PBXNativeTarget section */
		93A9FA2E1C0115F6008AD171 /* Fantalytics */ = {
			isa = PBXNativeTarget;
			buildConfigurationList = 93A9FA571C0115F7008AD171 /* Build configuration list for PBXNativeTarget "Fantalytics" */;
			buildPhases = (
				93A9FA2B1C0115F6008AD171 /* Sources */,
				93A9FA2C1C0115F6008AD171 /* Frameworks */,
				93A9FA2D1C0115F6008AD171 /* Resources */,
				93A9FA621C0119B6008AD171 /* ShellScript */,
				93A9FA651C011B65008AD171 /* Embed Frameworks */,
			);
			buildRules = (
			);
			dependencies = (
			);
			name = Fantalytics;
			productName = Fantalytics;
			productReference = 93A9FA2F1C0115F6008AD171 /* Fantalytics.app */;
			productType = "com.apple.product-type.application";
		};
		93A9FA421C0115F7008AD171 /* FantalyticsTests */ = {
			isa = PBXNativeTarget;
			buildConfigurationList = 93A9FA5A1C0115F7008AD171 /* Build configuration list for PBXNativeTarget "FantalyticsTests" */;
			buildPhases = (
				93A9FA3F1C0115F7008AD171 /* Sources */,
				93A9FA401C0115F7008AD171 /* Frameworks */,
				93A9FA411C0115F7008AD171 /* Resources */,
			);
			buildRules = (
			);
			dependencies = (
				93A9FA451C0115F7008AD171 /* PBXTargetDependency */,
			);
			name = FantalyticsTests;
			productName = FantalyticsTests;
			productReference = 93A9FA431C0115F7008AD171 /* FantalyticsTests.xctest */;
			productType = "com.apple.product-type.bundle.unit-test";
		};
		93A9FA4D1C0115F7008AD171 /* FantalyticsUITests */ = {
			isa = PBXNativeTarget;
			buildConfigurationList = 93A9FA5D1C0115F7008AD171 /* Build configuration list for PBXNativeTarget "FantalyticsUITests" */;
			buildPhases = (
				93A9FA4A1C0115F7008AD171 /* Sources */,
				93A9FA4B1C0115F7008AD171 /* Frameworks */,
				93A9FA4C1C0115F7008AD171 /* Resources */,
			);
			buildRules = (
			);
			dependencies = (
				93A9FA501C0115F7008AD171 /* PBXTargetDependency */,
			);
			name = FantalyticsUITests;
			productName = FantalyticsUITests;
			productReference = 93A9FA4E1C0115F7008AD171 /* FantalyticsUITests.xctest */;
			productType = "com.apple.product-type.bundle.ui-testing";
		};
/* End PBXNativeTarget section */

/* Begin PBXProject section */
		93A9FA271C0115F6008AD171 /* Project object */ = {
			isa = PBXProject;
			attributes = {
				LastSwiftUpdateCheck = 0710;
				LastUpgradeCheck = 0710;
				ORGANIZATIONNAME = "nektar labs";
				TargetAttributes = {
					93A9FA2E1C0115F6008AD171 = {
						CreatedOnToolsVersion = 7.1.1;
					};
					93A9FA421C0115F7008AD171 = {
						CreatedOnToolsVersion = 7.1.1;
						TestTargetID = 93A9FA2E1C0115F6008AD171;
					};
					93A9FA4D1C0115F7008AD171 = {
						CreatedOnToolsVersion = 7.1.1;
						TestTargetID = 93A9FA2E1C0115F6008AD171;
					};
				};
			};
			buildConfigurationList = 93A9FA2A1C0115F6008AD171 /* Build configuration list for PBXProject "Fantalytics" */;
			compatibilityVersion = "Xcode 3.2";
			developmentRegion = English;
			hasScannedForEncodings = 0;
			knownRegions = (
				en,
				Base,
			);
			mainGroup = 93A9FA261C0115F6008AD171;
			productRefGroup = 93A9FA301C0115F6008AD171 /* Products */;
			projectDirPath = "";
			projectRoot = "";
			targets = (
				93A9FA2E1C0115F6008AD171 /* Fantalytics */,
				93A9FA421C0115F7008AD171 /* FantalyticsTests */,
				93A9FA4D1C0115F7008AD171 /* FantalyticsUITests */,
			);
		};
/* End PBXProject section */

/* Begin PBXResourcesBuildPhase section */
		93A9FA2D1C0115F6008AD171 /* Resources */ = {
			isa = PBXResourcesBuildPhase;
			buildActionMask = 2147483647;
			files = (
				93754EF51C140DC800D45176 /* Keys.plist in Resources */,
				93A9FA3D1C0115F6008AD171 /* LaunchScreen.storyboard in Resources */,
				93A9FA3A1C0115F6008AD171 /* Assets.xcassets in Resources */,
				93A9FA381C0115F6008AD171 /* Main.storyboard in Resources */,
			);
			runOnlyForDeploymentPostprocessing = 0;
		};
		93A9FA411C0115F7008AD171 /* Resources */ = {
			isa = PBXResourcesBuildPhase;
			buildActionMask = 2147483647;
			files = (
			);
			runOnlyForDeploymentPostprocessing = 0;
		};
		93A9FA4C1C0115F7008AD171 /* Resources */ = {
			isa = PBXResourcesBuildPhase;
			buildActionMask = 2147483647;
			files = (
			);
			runOnlyForDeploymentPostprocessing = 0;
		};
/* End PBXResourcesBuildPhase section */

/* Begin PBXShellScriptBuildPhase section */
		93A9FA621C0119B6008AD171 /* ShellScript */ = {
			isa = PBXShellScriptBuildPhase;
			buildActionMask = 2147483647;
			files = (
			);
			inputPaths = (
				"$(SRCROOT)/Carthage/Build/iOS/Alamofire.framework",
				"$(SRCROOT)/Carthage/Build/iOS/SwiftyJSON.framework",
			);
			outputPaths = (
			);
			runOnlyForDeploymentPostprocessing = 0;
			shellPath = /bin/sh;
			shellScript = "/usr/local/bin/carthage copy-frameworks";
		};
/* End PBXShellScriptBuildPhase section */

/* Begin PBXSourcesBuildPhase section */
		93A9FA2B1C0115F6008AD171 /* Sources */ = {
			isa = PBXSourcesBuildPhase;
			buildActionMask = 2147483647;
			files = (
				931A81C91C2F67AA00224560 /* TimeSlotTableViewCell.swift in Sources */,
				93D831DB1C1571090027070C /* Entry.swift in Sources */,
				931A81CD1C2F6AD900224560 /* AvailableContestTableViewCell.swift in Sources */,
				93F060751C3228C500F39BCD /* Game.swift in Sources */,
				93835F1B1C018A7B00A71A08 /* Extensions.swift in Sources */,
				93D831D91C1570FB0027070C /* Contest.swift in Sources */,
				936DDDA31C1D46BA0059B215 /* MyContestsTableViewCell.swift in Sources */,
				936DDDA71C1D4BDF0059B215 /* ContestKind.swift in Sources */,
				936C08771C14FE270068E9B3 /* MyContestsViewController.swift in Sources */,
				934F05971C2D3C860093C4A9 /* LobbyTableViewCell.swift in Sources */,
				93D831DF1C1571200027070C /* Player.swift in Sources */,
				93A9FA6D1C014A1C008AD171 /* ProBballManager.swift in Sources */,
				931A81CB1C2F691E00224560 /* AvailableContestsViewController.swift in Sources */,
				93CEC8A11C20E0340052A649 /* HeadToHeadMatchViewController.swift in Sources */,
				935572651C37AF1100E09E0D /* SelectLineupViewController.swift in Sources */,
				936C08791C14FE910068E9B3 /* SettingsMenuViewController.swift in Sources */,
				936DDDA51C1D4BD10059B215 /* GameKind.swift in Sources */,
				93E62FF81C3752370094CA79 /* CreateContestViewController.swift in Sources */,
				937E4F561C141DBF0008374A /* User.swift in Sources */,
				93F060771C3228E600F39BCD /* Team.swift in Sources */,
				931A81C71C2F66CE00224560 /* TimeSlotsViewController.swift in Sources */,
				93A9FA351C0115F6008AD171 /* SignUpViewController.swift in Sources */,
				93CEC8A31C20E1E10052A649 /* HeadToHeadMatchTableViewCell.swift in Sources */,
				939DA7D01C2F780800C070BB /* TimeSlot.swift in Sources */,
				93D831DD1C1571150027070C /* Lineup.swift in Sources */,
				936C08751C14FB990068E9B3 /* LobbyViewController.swift in Sources */,
				93A9FA331C0115F6008AD171 /* AppDelegate.swift in Sources */,
				93A9FA701C014BC7008AD171 /* Constants.swift in Sources */,
			);
			runOnlyForDeploymentPostprocessing = 0;
		};
		93A9FA3F1C0115F7008AD171 /* Sources */ = {
			isa = PBXSourcesBuildPhase;
			buildActionMask = 2147483647;
			files = (
				93A9FA481C0115F7008AD171 /* FantalyticsTests.swift in Sources */,
				93BFA2D51C351E16002BC3A5 /* ProBballManager.swift in Sources */,
				93BFA2E51C351ECC002BC3A5 /* Constants.swift in Sources */,
				93BFA2E61C351EE9002BC3A5 /* Extensions.swift in Sources */,
			);
			runOnlyForDeploymentPostprocessing = 0;
		};
		93A9FA4A1C0115F7008AD171 /* Sources */ = {
			isa = PBXSourcesBuildPhase;
			buildActionMask = 2147483647;
			files = (
			);
			runOnlyForDeploymentPostprocessing = 0;
		};
/* End PBXSourcesBuildPhase section */

/* Begin PBXTargetDependency section */
		93A9FA451C0115F7008AD171 /* PBXTargetDependency */ = {
			isa = PBXTargetDependency;
			target = 93A9FA2E1C0115F6008AD171 /* Fantalytics */;
			targetProxy = 93A9FA441C0115F7008AD171 /* PBXContainerItemProxy */;
		};
		93A9FA501C0115F7008AD171 /* PBXTargetDependency */ = {
			isa = PBXTargetDependency;
			target = 93A9FA2E1C0115F6008AD171 /* Fantalytics */;
			targetProxy = 93A9FA4F1C0115F7008AD171 /* PBXContainerItemProxy */;
		};
/* End PBXTargetDependency section */

/* Begin PBXVariantGroup section */
		93A9FA361C0115F6008AD171 /* Main.storyboard */ = {
			isa = PBXVariantGroup;
			children = (
				93A9FA371C0115F6008AD171 /* Base */,
			);
			name = Main.storyboard;
			sourceTree = "<group>";
		};
		93A9FA3B1C0115F6008AD171 /* LaunchScreen.storyboard */ = {
			isa = PBXVariantGroup;
			children = (
				93A9FA3C1C0115F6008AD171 /* Base */,
			);
			name = LaunchScreen.storyboard;
			sourceTree = "<group>";
		};
/* End PBXVariantGroup section */

/* Begin XCBuildConfiguration section */
		93A9FA551C0115F7008AD171 /* Debug */ = {
			isa = XCBuildConfiguration;
			buildSettings = {
				ALWAYS_SEARCH_USER_PATHS = NO;
				CLANG_CXX_LANGUAGE_STANDARD = "gnu++0x";
				CLANG_CXX_LIBRARY = "libc++";
				CLANG_ENABLE_MODULES = YES;
				CLANG_ENABLE_OBJC_ARC = YES;
				CLANG_WARN_BOOL_CONVERSION = YES;
				CLANG_WARN_CONSTANT_CONVERSION = YES;
				CLANG_WARN_DIRECT_OBJC_ISA_USAGE = YES_ERROR;
				CLANG_WARN_EMPTY_BODY = YES;
				CLANG_WARN_ENUM_CONVERSION = YES;
				CLANG_WARN_INT_CONVERSION = YES;
				CLANG_WARN_OBJC_ROOT_CLASS = YES_ERROR;
				CLANG_WARN_UNREACHABLE_CODE = YES;
				CLANG_WARN__DUPLICATE_METHOD_MATCH = YES;
				"CODE_SIGN_IDENTITY[sdk=iphoneos*]" = "iPhone Developer";
				COPY_PHASE_STRIP = NO;
				DEBUG_INFORMATION_FORMAT = dwarf;
				ENABLE_STRICT_OBJC_MSGSEND = YES;
				ENABLE_TESTABILITY = YES;
				GCC_C_LANGUAGE_STANDARD = gnu99;
				GCC_DYNAMIC_NO_PIC = NO;
				GCC_NO_COMMON_BLOCKS = YES;
				GCC_OPTIMIZATION_LEVEL = 0;
				GCC_PREPROCESSOR_DEFINITIONS = (
					"DEBUG=1",
					"$(inherited)",
				);
				GCC_WARN_64_TO_32_BIT_CONVERSION = YES;
				GCC_WARN_ABOUT_RETURN_TYPE = YES_ERROR;
				GCC_WARN_UNDECLARED_SELECTOR = YES;
				GCC_WARN_UNINITIALIZED_AUTOS = YES_AGGRESSIVE;
				GCC_WARN_UNUSED_FUNCTION = YES;
				GCC_WARN_UNUSED_VARIABLE = YES;
				IPHONEOS_DEPLOYMENT_TARGET = 9.1;
				MTL_ENABLE_DEBUG_INFO = YES;
				ONLY_ACTIVE_ARCH = YES;
				SDKROOT = iphoneos;
				SWIFT_OPTIMIZATION_LEVEL = "-Onone";
				TARGETED_DEVICE_FAMILY = "1,2";
			};
			name = Debug;
		};
		93A9FA561C0115F7008AD171 /* Release */ = {
			isa = XCBuildConfiguration;
			buildSettings = {
				ALWAYS_SEARCH_USER_PATHS = NO;
				CLANG_CXX_LANGUAGE_STANDARD = "gnu++0x";
				CLANG_CXX_LIBRARY = "libc++";
				CLANG_ENABLE_MODULES = YES;
				CLANG_ENABLE_OBJC_ARC = YES;
				CLANG_WARN_BOOL_CONVERSION = YES;
				CLANG_WARN_CONSTANT_CONVERSION = YES;
				CLANG_WARN_DIRECT_OBJC_ISA_USAGE = YES_ERROR;
				CLANG_WARN_EMPTY_BODY = YES;
				CLANG_WARN_ENUM_CONVERSION = YES;
				CLANG_WARN_INT_CONVERSION = YES;
				CLANG_WARN_OBJC_ROOT_CLASS = YES_ERROR;
				CLANG_WARN_UNREACHABLE_CODE = YES;
				CLANG_WARN__DUPLICATE_METHOD_MATCH = YES;
				"CODE_SIGN_IDENTITY[sdk=iphoneos*]" = "iPhone Developer";
				COPY_PHASE_STRIP = NO;
				DEBUG_INFORMATION_FORMAT = "dwarf-with-dsym";
				ENABLE_NS_ASSERTIONS = NO;
				ENABLE_STRICT_OBJC_MSGSEND = YES;
				GCC_C_LANGUAGE_STANDARD = gnu99;
				GCC_NO_COMMON_BLOCKS = YES;
				GCC_WARN_64_TO_32_BIT_CONVERSION = YES;
				GCC_WARN_ABOUT_RETURN_TYPE = YES_ERROR;
				GCC_WARN_UNDECLARED_SELECTOR = YES;
				GCC_WARN_UNINITIALIZED_AUTOS = YES_AGGRESSIVE;
				GCC_WARN_UNUSED_FUNCTION = YES;
				GCC_WARN_UNUSED_VARIABLE = YES;
				IPHONEOS_DEPLOYMENT_TARGET = 9.1;
				MTL_ENABLE_DEBUG_INFO = NO;
				SDKROOT = iphoneos;
				TARGETED_DEVICE_FAMILY = "1,2";
				VALIDATE_PRODUCT = YES;
			};
			name = Release;
		};
		93A9FA581C0115F7008AD171 /* Debug */ = {
			isa = XCBuildConfiguration;
			buildSettings = {
				ASSETCATALOG_COMPILER_APPICON_NAME = AppIcon;
				FRAMEWORK_SEARCH_PATHS = (
					"$(inherited)",
					"$(PROJECT_DIR)/Carthage/Build/iOS",
					"$(PROJECT_DIR)",
				);
				INFOPLIST_FILE = Fantalytics/Info.plist;
				IPHONEOS_DEPLOYMENT_TARGET = 8.0;
				LD_RUNPATH_SEARCH_PATHS = "$(inherited) @executable_path/Frameworks";
				PRODUCT_BUNDLE_IDENTIFIER = nektarlabs.Fantalytics;
				PRODUCT_NAME = "$(TARGET_NAME)";
			};
			name = Debug;
		};
		93A9FA591C0115F7008AD171 /* Release */ = {
			isa = XCBuildConfiguration;
			buildSettings = {
				ASSETCATALOG_COMPILER_APPICON_NAME = AppIcon;
				FRAMEWORK_SEARCH_PATHS = (
					"$(inherited)",
					"$(PROJECT_DIR)/Carthage/Build/iOS",
					"$(PROJECT_DIR)",
				);
				INFOPLIST_FILE = Fantalytics/Info.plist;
				IPHONEOS_DEPLOYMENT_TARGET = 8.0;
				LD_RUNPATH_SEARCH_PATHS = "$(inherited) @executable_path/Frameworks";
				PRODUCT_BUNDLE_IDENTIFIER = nektarlabs.Fantalytics;
				PRODUCT_NAME = "$(TARGET_NAME)";
			};
			name = Release;
		};
		93A9FA5B1C0115F7008AD171 /* Debug */ = {
			isa = XCBuildConfiguration;
			buildSettings = {
				BUNDLE_LOADER = "$(TEST_HOST)";
				FRAMEWORK_SEARCH_PATHS = (
					"$(inherited)",
					"$(PROJECT_DIR)/Carthage/Build/iOS",
					"$(PROJECT_DIR)",
				);
				INFOPLIST_FILE = FantalyticsTests/Info.plist;
				LD_RUNPATH_SEARCH_PATHS = "$(inherited) @executable_path/Frameworks @loader_path/Frameworks";
				PRODUCT_BUNDLE_IDENTIFIER = nektarlabs.FantalyticsTests;
				PRODUCT_NAME = "$(TARGET_NAME)";
				TEST_HOST = "$(BUILT_PRODUCTS_DIR)/Fantalytics.app/Fantalytics";
			};
			name = Debug;
		};
		93A9FA5C1C0115F7008AD171 /* Release */ = {
			isa = XCBuildConfiguration;
			buildSettings = {
				BUNDLE_LOADER = "$(TEST_HOST)";
				FRAMEWORK_SEARCH_PATHS = (
					"$(inherited)",
					"$(PROJECT_DIR)/Carthage/Build/iOS",
					"$(PROJECT_DIR)",
				);
				INFOPLIST_FILE = FantalyticsTests/Info.plist;
				LD_RUNPATH_SEARCH_PATHS = "$(inherited) @executable_path/Frameworks @loader_path/Frameworks";
				PRODUCT_BUNDLE_IDENTIFIER = nektarlabs.FantalyticsTests;
				PRODUCT_NAME = "$(TARGET_NAME)";
				TEST_HOST = "$(BUILT_PRODUCTS_DIR)/Fantalytics.app/Fantalytics";
			};
			name = Release;
		};
		93A9FA5E1C0115F7008AD171 /* Debug */ = {
			isa = XCBuildConfiguration;
			buildSettings = {
				INFOPLIST_FILE = FantalyticsUITests/Info.plist;
				LD_RUNPATH_SEARCH_PATHS = "$(inherited) @executable_path/Frameworks @loader_path/Frameworks";
				PRODUCT_BUNDLE_IDENTIFIER = nektarlabs.FantalyticsUITests;
				PRODUCT_NAME = "$(TARGET_NAME)";
				TEST_TARGET_NAME = Fantalytics;
				USES_XCTRUNNER = YES;
			};
			name = Debug;
		};
		93A9FA5F1C0115F7008AD171 /* Release */ = {
			isa = XCBuildConfiguration;
			buildSettings = {
				INFOPLIST_FILE = FantalyticsUITests/Info.plist;
				LD_RUNPATH_SEARCH_PATHS = "$(inherited) @executable_path/Frameworks @loader_path/Frameworks";
				PRODUCT_BUNDLE_IDENTIFIER = nektarlabs.FantalyticsUITests;
				PRODUCT_NAME = "$(TARGET_NAME)";
				TEST_TARGET_NAME = Fantalytics;
				USES_XCTRUNNER = YES;
			};
			name = Release;
		};
/* End XCBuildConfiguration section */

/* Begin XCConfigurationList section */
		93A9FA2A1C0115F6008AD171 /* Build configuration list for PBXProject "Fantalytics" */ = {
			isa = XCConfigurationList;
			buildConfigurations = (
				93A9FA551C0115F7008AD171 /* Debug */,
				93A9FA561C0115F7008AD171 /* Release */,
			);
			defaultConfigurationIsVisible = 0;
			defaultConfigurationName = Release;
		};
		93A9FA571C0115F7008AD171 /* Build configuration list for PBXNativeTarget "Fantalytics" */ = {
			isa = XCConfigurationList;
			buildConfigurations = (
				93A9FA581C0115F7008AD171 /* Debug */,
				93A9FA591C0115F7008AD171 /* Release */,
			);
			defaultConfigurationIsVisible = 0;
			defaultConfigurationName = Release;
		};
		93A9FA5A1C0115F7008AD171 /* Build configuration list for PBXNativeTarget "FantalyticsTests" */ = {
			isa = XCConfigurationList;
			buildConfigurations = (
				93A9FA5B1C0115F7008AD171 /* Debug */,
				93A9FA5C1C0115F7008AD171 /* Release */,
			);
			defaultConfigurationIsVisible = 0;
			defaultConfigurationName = Release;
		};
		93A9FA5D1C0115F7008AD171 /* Build configuration list for PBXNativeTarget "FantalyticsUITests" */ = {
			isa = XCConfigurationList;
			buildConfigurations = (
				93A9FA5E1C0115F7008AD171 /* Debug */,
				93A9FA5F1C0115F7008AD171 /* Release */,
			);
			defaultConfigurationIsVisible = 0;
			defaultConfigurationName = Release;
		};
/* End XCConfigurationList section */
	};
	rootObject = 93A9FA271C0115F6008AD171 /* Project object */;
}
